{
  "name": "atelier",
  "lockfileVersion": 3,
  "requires": true,
  "packages": {
    "": {
      "name": "atelier",
      "workspaces": [
        "apps/api",
        "packages/*"
      ]
    },
    "apps/api": {
      "name": "@atelier/api",
      "version": "0.0.1",
      "dependencies": {
        "@atelier/sandbox": "*",
        "@atelier/schema": "*",
        "@hono/node-server": "^1.13.0",
        "hono": "^4.6.0"
      }
    },
    "node_modules/@atelier/api": {
      "resolved": "apps/api",
      "link": true
    },
    "node_modules/@atelier/sandbox": {
      "resolved": "packages/sandbox",
      "link": true
    },
    "node_modules/@atelier/schema": {
      "resolved": "packages/schema",
      "link": true
    },
    "node_modules/@hono/node-server": {
      "version": "1.19.14",
      "resolved": "https://registry.npmjs.org/@hono/node-server/-/node-server-1.19.14.tgz",
      "integrity": "sha512-GwtvgtXxnWsucXvbQXkRgqksiH2Qed37H9xHZocE5sA3N8O8O8/8FA3uclQXxXVzc9XBZuEOMK7+r02FmSpHtw==",
      "license": "MIT",
      "engines": {
        "node": ">=18.14.1"
      },
      "peerDependencies": {
        "hono": "^4"
      }
    },
    "node_modules/hono": {
      "version": "4.12.27",
      "resolved": "https://registry.npmjs.org/hono/-/hono-4.12.27.tgz",
      "integrity": "sha512-1yrb/+w6HWQJrUCLkJ2IF5jNIPvvFkblV5RNOYl6bV+OA6p9GLcMpHFFGTosSvHvcAUibuUukRqhlYI4z32C7Q==",
      "license": "MIT",
      "peer": true,
      "engines": {
        "node": ">=16.9.0"
      }
    },
    "node_modules/zod": {
      "version": "3.25.76",
      "resolved": "https://registry.npmjs.org/zod/-/zod-3.25.76.tgz",
      "integrity": "sha512-gzUt/qt81nXsFGKIFcC3YnfEAx5NkunCfnDlvuBSSFS02bcXu4Lmea0AFIUwbLWxWPx3d9p8S5QoaujKcNQxcQ==",
      "license": "MIT",
      "funding": {
        "url": "https://github.com/sponsors/colinhacks"
      }
    },
    "packages/sandbox": {
      "name": "@atelier/sandbox",
      "version": "0.0.1"
    },
    "packages/schema": {
      "name": "@atelier/schema",
      "version": "0.0.1",
      "dependencies": {
        "zod": "^3.23.0"
      }
    }
  }
}
